
Microsoft Visual Studio Solution File, Format Version 12.00
# Visual Studio Version 17
VisualStudioVersion = 17.2.32616.157
MinimumVisualStudioVersion = 10.0.40219.1
Project("{2150E333-8FDC-42A3-9474-1A3956D46DE8}") = "Enterprise Bussiness Rules", "Enterprise Bussiness Rules", "{2DC94D0A-DC35-4E56-8A38-14683C0523E1}"
EndProject
Project("{2150E333-8FDC-42A3-9474-1A3956D46DE8}") = "Interface Adapters", "Interface Adapters", "{51797291-33EA-4994-923A-EF22FA0C044F}"
EndProject
Project("{2150E333-8FDC-42A3-9474-1A3956D46DE8}") = "Gateways", "Gateways", "{94921EEC-EC81-4626-9335-E1DE7D05E446}"
EndProject
Project("{2150E333-8FDC-42A3-9474-1A3956D46DE8}") = "Application Business Rules", "Application Business Rules", "{E91145E8-E32B-40CF-8129-7EAF7DAA9BC2}"
EndProject
Project("{2150E333-8FDC-42A3-9474-1A3956D46DE8}") = "Presenters", "Presenters", "{55ABD6D1-6750-47BE-87A3-35355B9B769D}"
EndProject
Project("{2150E333-8FDC-42A3-9474-1A3956D46DE8}") = "Controllers", "Controllers", "{6B010C90-ED44-41D0-B8D6-333F57F97586}"
EndProject
Project("{2150E333-8FDC-42A3-9474-1A3956D46DE8}") = "Frameworks And Drivers", "Frameworks And Drivers", "{6DAEFD1A-A3F2-42E9-A1A8-DCD3DFB7C7C8}"
EndProject
Project("{2150E333-8FDC-42A3-9474-1A3956D46DE8}") = "UIs", "UIs", "{DEC1588F-5295-4ABA-A8BE-5E710B9D2341}"
EndProject
Project("{9A19103F-16F7-4668-BE54-9A1E7A4F7556}") = "KaizenNet.DTOs", "KaizenNet.DTOs\KaizenNet.DTOs.csproj", "{7313F0FC-D843-49BE-8EE4-0484D86C0A27}"
EndProject
Project("{9A19103F-16F7-4668-BE54-9A1E7A4F7556}") = "KaizenNet.UseCases", "KaizenNet.UseCases\KaizenNet.UseCases.csproj", "{BCA3B4B2-6650-4E18-9322-83640486B4DB}"
EndProject
Project("{9A19103F-16F7-4668-BE54-9A1E7A4F7556}") = "KaizenNet.UseCasesPorts", "KaizenNet.UseCasesPorts\KaizenNet.UseCasesPorts.csproj", "{58A34DED-FA1A-402A-A8F4-C21F733E58D5}"
EndProject
Project("{9A19103F-16F7-4668-BE54-9A1E7A4F7556}") = "KaizenNet.Entities", "KaizenNet.Entities\KaizenNet.Entities.csproj", "{09A5B1A5-6812-45D4-8D50-086CCD486EB9}"
EndProject
Project("{9A19103F-16F7-4668-BE54-9A1E7A4F7556}") = "KaizenNet.Api", "KaizenNet.Api\KaizenNet.Api.csproj", "{2BFF7D6E-D448-44F1-81AE-8FADFA62A133}"
EndProject
Project("{9A19103F-16F7-4668-BE54-9A1E7A4F7556}") = "KaizenNet.Controllers", "KaizenNet.Controllers\KaizenNet.Controllers.csproj", "{8E6F9E78-3C22-46CC-98FC-27D805EE79EC}"
EndProject
Project("{9A19103F-16F7-4668-BE54-9A1E7A4F7556}") = "KaizenNet.IoC", "KaizenNet.IoC\KaizenNet.IoC.csproj", "{2C4C5FDD-B09B-42B1-A0D3-F27E7C5AB7B4}"
EndProject
Project("{9A19103F-16F7-4668-BE54-9A1E7A4F7556}") = "KaizenNet.RepositoryEFCore", "KaizenNet.RepositoryEFCore\KaizenNet.RepositoryEFCore.csproj", "{F95BB76B-441B-4E96-9C66-B337AC724760}"
EndProject
Project("{9A19103F-16F7-4668-BE54-9A1E7A4F7556}") = "KaizenNet.Presenters", "KaizenNet.Presenters\KaizenNet.Presenters.csproj", "{97D0386D-DB70-4540-B616-0B13918D85EA}"
EndProject
Global
	GlobalSection(SolutionConfigurationPlatforms) = preSolution
		Debug|Any CPU = Debug|Any CPU
		Release|Any CPU = Release|Any CPU
	EndGlobalSection
	GlobalSection(ProjectConfigurationPlatforms) = postSolution
		{7313F0FC-D843-49BE-8EE4-0484D86C0A27}.Debug|Any CPU.ActiveCfg = Debug|Any CPU
		{7313F0FC-D843-49BE-8EE4-0484D86C0A27}.Debug|Any CPU.Build.0 = Debug|Any CPU
		{7313F0FC-D843-49BE-8EE4-0484D86C0A27}.Release|Any CPU.ActiveCfg = Release|Any CPU
		{7313F0FC-D843-49BE-8EE4-0484D86C0A27}.Release|Any CPU.Build.0 = Release|Any CPU
		{BCA3B4B2-6650-4E18-9322-83640486B4DB}.Debug|Any CPU.ActiveCfg = Debug|Any CPU
		{BCA3B4B2-6650-4E18-9322-83640486B4DB}.Debug|Any CPU.Build.0 = Debug|Any CPU
		{BCA3B4B2-6650-4E18-9322-83640486B4DB}.Release|Any CPU.ActiveCfg = Release|Any CPU
		{BCA3B4B2-6650-4E18-9322-83640486B4DB}.Release|Any CPU.Build.0 = Release|Any CPU
		{58A34DED-FA1A-402A-A8F4-C21F733E58D5}.Debug|Any CPU.ActiveCfg = Debug|Any CPU
		{58A34DED-FA1A-402A-A8F4-C21F733E58D5}.Debug|Any CPU.Build.0 = Debug|Any CPU
		{58A34DED-FA1A-402A-A8F4-C21F733E58D5}.Release|Any CPU.ActiveCfg = Release|Any CPU
		{58A34DED-FA1A-402A-A8F4-C21F733E58D5}.Release|Any CPU.Build.0 = Release|Any CPU
		{09A5B1A5-6812-45D4-8D50-086CCD486EB9}.Debug|Any CPU.ActiveCfg = Debug|Any CPU
		{09A5B1A5-6812-45D4-8D50-086CCD486EB9}.Debug|Any CPU.Build.0 = Debug|Any CPU
		{09A5B1A5-6812-45D4-8D50-086CCD486EB9}.Release|Any CPU.ActiveCfg = Release|Any CPU
		{09A5B1A5-6812-45D4-8D50-086CCD486EB9}.Release|Any CPU.Build.0 = Release|Any CPU
		{2BFF7D6E-D448-44F1-81AE-8FADFA62A133}.Debug|Any CPU.ActiveCfg = Debug|Any CPU
		{2BFF7D6E-D448-44F1-81AE-8FADFA62A133}.Debug|Any CPU.Build.0 = Debug|Any CPU
		{2BFF7D6E-D448-44F1-81AE-8FADFA62A133}.Release|Any CPU.ActiveCfg = Release|Any CPU
		{2BFF7D6E-D448-44F1-81AE-8FADFA62A133}.Release|Any CPU.Build.0 = Release|Any CPU
		{8E6F9E78-3C22-46CC-98FC-27D805EE79EC}.Debug|Any CPU.ActiveCfg = Debug|Any CPU
		{8E6F9E78-3C22-46CC-98FC-27D805EE79EC}.Debug|Any CPU.Build.0 = Debug|Any CPU
		{8E6F9E78-3C22-46CC-98FC-27D805EE79EC}.Release|Any CPU.ActiveCfg = Release|Any CPU
		{8E6F9E78-3C22-46CC-98FC-27D805EE79EC}.Release|Any CPU.Build.0 = Release|Any CPU
		{2C4C5FDD-B09B-42B1-A0D3-F27E7C5AB7B4}.Debug|Any CPU.ActiveCfg = Debug|Any CPU
		{2C4C5FDD-B09B-42B1-A0D3-F27E7C5AB7B4}.Debug|Any CPU.Build.0 = Debug|Any CPU
		{2C4C5FDD-B09B-42B1-A0D3-F27E7C5AB7B4}.Release|Any CPU.ActiveCfg = Release|Any CPU
		{2C4C5FDD-B09B-42B1-A0D3-F27E7C5AB7B4}.Release|Any CPU.Build.0 = Release|Any CPU
		{F95BB76B-441B-4E96-9C66-B337AC724760}.Debug|Any CPU.ActiveCfg = Debug|Any CPU
		{F95BB76B-441B-4E96-9C66-B337AC724760}.Debug|Any CPU.Build.0 = Debug|Any CPU
		{F95BB76B-441B-4E96-9C66-B337AC724760}.Release|Any CPU.ActiveCfg = Release|Any CPU
		{F95BB76B-441B-4E96-9C66-B337AC724760}.Release|Any CPU.Build.0 = Release|Any CPU
		{97D0386D-DB70-4540-B616-0B13918D85EA}.Debug|Any CPU.ActiveCfg = Debug|Any CPU
		{97D0386D-DB70-4540-B616-0B13918D85EA}.Debug|Any CPU.Build.0 = Debug|Any CPU
		{97D0386D-DB70-4540-B616-0B13918D85EA}.Release|Any CPU.ActiveCfg = Release|Any CPU
		{97D0386D-DB70-4540-B616-0B13918D85EA}.Release|Any CPU.Build.0 = Release|Any CPU
	EndGlobalSection
	GlobalSection(SolutionProperties) = preSolution
		HideSolutionNode = FALSE
	EndGlobalSection
	GlobalSection(NestedProjects) = preSolution
		{94921EEC-EC81-4626-9335-E1DE7D05E446} = {51797291-33EA-4994-923A-EF22FA0C044F}
		{55ABD6D1-6750-47BE-87A3-35355B9B769D} = {51797291-33EA-4994-923A-EF22FA0C044F}
		{6B010C90-ED44-41D0-B8D6-333F57F97586} = {51797291-33EA-4994-923A-EF22FA0C044F}
		{DEC1588F-5295-4ABA-A8BE-5E710B9D2341} = {6DAEFD1A-A3F2-42E9-A1A8-DCD3DFB7C7C8}
		{7313F0FC-D843-49BE-8EE4-0484D86C0A27} = {E91145E8-E32B-40CF-8129-7EAF7DAA9BC2}
		{BCA3B4B2-6650-4E18-9322-83640486B4DB} = {E91145E8-E32B-40CF-8129-7EAF7DAA9BC2}
		{58A34DED-FA1A-402A-A8F4-C21F733E58D5} = {E91145E8-E32B-40CF-8129-7EAF7DAA9BC2}
		{09A5B1A5-6812-45D4-8D50-086CCD486EB9} = {2DC94D0A-DC35-4E56-8A38-14683C0523E1}
		{2BFF7D6E-D448-44F1-81AE-8FADFA62A133} = {DEC1588F-5295-4ABA-A8BE-5E710B9D2341}
		{8E6F9E78-3C22-46CC-98FC-27D805EE79EC} = {6B010C90-ED44-41D0-B8D6-333F57F97586}
		{2C4C5FDD-B09B-42B1-A0D3-F27E7C5AB7B4} = {94921EEC-EC81-4626-9335-E1DE7D05E446}
		{F95BB76B-441B-4E96-9C66-B337AC724760} = {94921EEC-EC81-4626-9335-E1DE7D05E446}
		{97D0386D-DB70-4540-B616-0B13918D85EA} = {55ABD6D1-6750-47BE-87A3-35355B9B769D}
	EndGlobalSection
	GlobalSection(ExtensibilityGlobals) = postSolution
		SolutionGuid = {04BC0F1A-AC44-4763-9BFF-26771CC4B002}
	EndGlobalSection
EndGlobal
